
Microsoft Visual Studio Solution File, Format Version 12.00
# Visual Studio Version 17
VisualStudioVersion = 17.5.002.0
MinimumVisualStudioVersion = 10.0.40219.1
Project("{9A19103F-16F7-4668-BE54-9A1E7A4F7556}") = "Task00", "Task00.csproj", "{AB92C77B-3325-4F3A-A7E6-192D59CE89C3}"
EndProject
Global
	GlobalSection(SolutionConfigurationPlatforms) = preSolution
		Debug|Any CPU = Debug|Any CPU
		Release|Any CPU = Release|Any CPU
	EndGlobalSection
	GlobalSection(ProjectConfigurationPlatforms) = postSolution
		{AB92C77B-3325-4F3A-A7E6-192D59CE89C3}.Debug|Any CPU.ActiveCfg = Debug|Any CPU
		{AB92C77B-3325-4F3A-A7E6-192D59CE89C3}.Debug|Any CPU.Build.0 = Debug|Any CPU
		{AB92C77B-3325-4F3A-A7E6-192D59CE89C3}.Release|Any CPU.ActiveCfg = Release|Any CPU
		{AB92C77B-3325-4F3A-A7E6-192D59CE89C3}.Release|Any CPU.Build.0 = Release|Any CPU
	EndGlobalSection
	GlobalSection(SolutionProperties) = preSolution
		HideSolutionNode = FALSE
	EndGlobalSection
	GlobalSection(ExtensibilityGlobals) = postSolution
		SolutionGuid = {A2C36594-D4CA-4E66-85F5-F256A6D0C443}
	EndGlobalSection
EndGlobal
